// !$*UTF8*$!
{
	archiveVersion = 1;
	classes = {
	};
	objectVersion = 46;
	objects = {

/* Begin PBXBuildFile section */
		4205EF4C1B00088100DB0D37 /* LoginViewController.m in Sources */ = {isa = PBXBuildFile; fileRef = 4205EF4B1B00088100DB0D37 /* LoginViewController.m */; };
		4205EF4F1B000AF200DB0D37 /* SkinTemperatureViewController.m in Sources */ = {isa = PBXBuildFile; fileRef = 4205EF4E1B000AF200DB0D37 /* SkinTemperatureViewController.m */; };
		4228AFFE1B4AD4A600376EF8 /* ProximityKit.framework in Frameworks */ = {isa = PBXBuildFile; fileRef = 4228AFFD1B4AD4A600376EF8 /* ProximityKit.framework */; };
		4228B0001B4AD4D000376EF8 /* ProximityKit.plist in Resources */ = {isa = PBXBuildFile; fileRef = 4228AFFF1B4AD4D000376EF8 /* ProximityKit.plist */; };
		4228B0021B4AD4F100376EF8 /* libsqlite3.dylib in Frameworks */ = {isa = PBXBuildFile; fileRef = 4228B0011B4AD4F100376EF8 /* libsqlite3.dylib */; };
		4228B0041B4AD4FC00376EF8 /* CoreGraphics.framework in Frameworks */ = {isa = PBXBuildFile; fileRef = 4228B0031B4AD4FC00376EF8 /* CoreGraphics.framework */; };
		4228B0061B4AD50400376EF8 /* UIKit.framework in Frameworks */ = {isa = PBXBuildFile; fileRef = 4228B0051B4AD50400376EF8 /* UIKit.framework */; };
		4228B0081B4AD50C00376EF8 /* Foundation.framework in Frameworks */ = {isa = PBXBuildFile; fileRef = 4228B0071B4AD50C00376EF8 /* Foundation.framework */; };
		4228B00A1B4AD9F700376EF8 /* Security.framework in Frameworks */ = {isa = PBXBuildFile; fileRef = 4228B0091B4AD9F700376EF8 /* Security.framework */; };
		4228B00D1B4ADB7600376EF8 /* KeychainItemWrapper.m in Sources */ = {isa = PBXBuildFile; fileRef = 4228B00C1B4ADB7600376EF8 /* KeychainItemWrapper.m */; };
		42BA43D21B093ECE00F13EF6 /* MBProgressHUD.m in Sources */ = {isa = PBXBuildFile; fileRef = 42BA43D11B093ECE00F13EF6 /* MBProgressHUD.m */; };
		5F598E4F1AA635E80071C70E /* main.m in Sources */ = {isa = PBXBuildFile; fileRef = 5F598E4E1AA635E80071C70E /* main.m */; };
		5F598E521AA635E80071C70E /* AppDelegate.m in Sources */ = {isa = PBXBuildFile; fileRef = 5F598E511AA635E80071C70E /* AppDelegate.m */; };
		5F598E581AA635E80071C70E /* Main.storyboard in Resources */ = {isa = PBXBuildFile; fileRef = 5F598E561AA635E80071C70E /* Main.storyboard */; };
		5F598E5A1AA635E80071C70E /* Images.xcassets in Resources */ = {isa = PBXBuildFile; fileRef = 5F598E591AA635E80071C70E /* Images.xcassets */; };
		5F598E5D1AA635E80071C70E /* LaunchScreen.xib in Resources */ = {isa = PBXBuildFile; fileRef = 5F598E5B1AA635E80071C70E /* LaunchScreen.xib */; };
		5F598E731AA636600071C70E /* CoreBluetooth.framework in Frameworks */ = {isa = PBXBuildFile; fileRef = 5F598E721AA636600071C70E /* CoreBluetooth.framework */; };
		5F598E751AA6366C0071C70E /* MicrosoftBandKit_iOS.framework in Frameworks */ = {isa = PBXBuildFile; fileRef = 5F598E741AA6366C0071C70E /* MicrosoftBandKit_iOS.framework */; };
		C24870B29637BE86CE2CAD3A /* libPods.a in Frameworks */ = {isa = PBXBuildFile; fileRef = 2C3FAD8FED4B2B8AE53C4CC0 /* libPods.a */; };
/* End PBXBuildFile section */

/* Begin PBXFileReference section */
		1CBF46C6AF3C07ADC1844073 /* Pods.debug.xcconfig */ = {isa = PBXFileReference; includeInIndex = 1; lastKnownFileType = text.xcconfig; name = Pods.debug.xcconfig; path = "Pods/Target Support Files/Pods/Pods.debug.xcconfig"; sourceTree = "<group>"; };
		2C3FAD8FED4B2B8AE53C4CC0 /* libPods.a */ = {isa = PBXFileReference; explicitFileType = archive.ar; includeInIndex = 0; path = libPods.a; sourceTree = BUILT_PRODUCTS_DIR; };
		4205EF4A1B00088100DB0D37 /* LoginViewController.h */ = {isa = PBXFileReference; fileEncoding = 4; lastKnownFileType = sourcecode.c.h; path = LoginViewController.h; sourceTree = "<group>"; };
		4205EF4B1B00088100DB0D37 /* LoginViewController.m */ = {isa = PBXFileReference; fileEncoding = 4; lastKnownFileType = sourcecode.c.objc; path = LoginViewController.m; sourceTree = "<group>"; };
		4205EF4D1B000AF200DB0D37 /* SkinTemperatureViewController.h */ = {isa = PBXFileReference; fileEncoding = 4; lastKnownFileType = sourcecode.c.h; path = SkinTemperatureViewController.h; sourceTree = "<group>"; };
		4205EF4E1B000AF200DB0D37 /* SkinTemperatureViewController.m */ = {isa = PBXFileReference; fileEncoding = 4; lastKnownFileType = sourcecode.c.objc; path = SkinTemperatureViewController.m; sourceTree = "<group>"; };
		4228AFFD1B4AD4A600376EF8 /* ProximityKit.framework */ = {isa = PBXFileReference; lastKnownFileType = wrapper.framework; path = ProximityKit.framework; sourceTree = "<group>"; };
		4228AFFF1B4AD4D000376EF8 /* ProximityKit.plist */ = {isa = PBXFileReference; fileEncoding = 4; lastKnownFileType = text.plist.xml; path = ProximityKit.plist; sourceTree = "<group>"; };
		4228B0011B4AD4F100376EF8 /* libsqlite3.dylib */ = {isa = PBXFileReference; lastKnownFileType = "compiled.mach-o.dylib"; name = libsqlite3.dylib; path = usr/lib/libsqlite3.dylib; sourceTree = SDKROOT; };
		4228B0031B4AD4FC00376EF8 /* CoreGraphics.framework */ = {isa = PBXFileReference; lastKnownFileType = wrapper.framework; name = CoreGraphics.framework; path = System/Library/Frameworks/CoreGraphics.framework; sourceTree = SDKROOT; };
		4228B0051B4AD50400376EF8 /* UIKit.framework */ = {isa = PBXFileReference; lastKnownFileType = wrapper.framework; name = UIKit.framework; path = System/Library/Frameworks/UIKit.framework; sourceTree = SDKROOT; };
		4228B0071B4AD50C00376EF8 /* Foundation.framework */ = {isa = PBXFileReference; lastKnownFileType = wrapper.framework; name = Foundation.framework; path = System/Library/Frameworks/Foundation.framework; sourceTree = SDKROOT; };
		4228B0091B4AD9F700376EF8 /* Security.framework */ = {isa = PBXFileReference; lastKnownFileType = wrapper.framework; name = Security.framework; path = System/Library/Frameworks/Security.framework; sourceTree = SDKROOT; };
		4228B00B1B4ADB7600376EF8 /* KeychainItemWrapper.h */ = {isa = PBXFileReference; fileEncoding = 4; lastKnownFileType = sourcecode.c.h; path = KeychainItemWrapper.h; sourceTree = "<group>"; };
		4228B00C1B4ADB7600376EF8 /* KeychainItemWrapper.m */ = {isa = PBXFileReference; fileEncoding = 4; lastKnownFileType = sourcecode.c.objc; path = KeychainItemWrapper.m; sourceTree = "<group>"; };
		42BA43D01B093ECE00F13EF6 /* MBProgressHUD.h */ = {isa = PBXFileReference; fileEncoding = 4; lastKnownFileType = sourcecode.c.h; path = MBProgressHUD.h; sourceTree = "<group>"; };
		42BA43D11B093ECE00F13EF6 /* MBProgressHUD.m */ = {isa = PBXFileReference; fileEncoding = 4; lastKnownFileType = sourcecode.c.objc; path = MBProgressHUD.m; sourceTree = "<group>"; };
		5F598E491AA635E80071C70E /* BandSensor.app */ = {isa = PBXFileReference; explicitFileType = wrapper.application; includeInIndex = 0; path = BandSensor.app; sourceTree = BUILT_PRODUCTS_DIR; };
		5F598E4D1AA635E80071C70E /* Info.plist */ = {isa = PBXFileReference; lastKnownFileType = text.plist.xml; path = Info.plist; sourceTree = "<group>"; };
		5F598E4E1AA635E80071C70E /* main.m */ = {isa = PBXFileReference; lastKnownFileType = sourcecode.c.objc; path = main.m; sourceTree = "<group>"; };
		5F598E501AA635E80071C70E /* AppDelegate.h */ = {isa = PBXFileReference; lastKnownFileType = sourcecode.c.h; path = AppDelegate.h; sourceTree = "<group>"; };
		5F598E511AA635E80071C70E /* AppDelegate.m */ = {isa = PBXFileReference; lastKnownFileType = sourcecode.c.objc; path = AppDelegate.m; sourceTree = "<group>"; };
		5F598E571AA635E80071C70E /* Base */ = {isa = PBXFileReference; lastKnownFileType = file.storyboard; name = Base; path = Base.lproj/Main.storyboard; sourceTree = "<group>"; };
		5F598E591AA635E80071C70E /* Images.xcassets */ = {isa = PBXFileReference; lastKnownFileType = folder.assetcatalog; path = Images.xcassets; sourceTree = "<group>"; };
		5F598E5C1AA635E80071C70E /* Base */ = {isa = PBXFileReference; lastKnownFileType = file.xib; name = Base; path = Base.lproj/LaunchScreen.xib; sourceTree = "<group>"; };
		5F598E721AA636600071C70E /* CoreBluetooth.framework */ = {isa = PBXFileReference; lastKnownFileType = wrapper.framework; name = CoreBluetooth.framework; path = System/Library/Frameworks/CoreBluetooth.framework; sourceTree = SDKROOT; };
		5F598E741AA6366C0071C70E /* MicrosoftBandKit_iOS.framework */ = {isa = PBXFileReference; lastKnownFileType = wrapper.framework; name = MicrosoftBandKit_iOS.framework; path = ../MicrosoftBandKit_iOS.framework; sourceTree = "<group>"; };
		7AF866837476436FE83E0FDA /* Pods.release.xcconfig */ = {isa = PBXFileReference; includeInIndex = 1; lastKnownFileType = text.xcconfig; name = Pods.release.xcconfig; path = "Pods/Target Support Files/Pods/Pods.release.xcconfig"; sourceTree = "<group>"; };
/* End PBXFileReference section */

/* Begin PBXFrameworksBuildPhase section */
		5F598E461AA635E80071C70E /* Frameworks */ = {
			isa = PBXFrameworksBuildPhase;
			buildActionMask = 2147483647;
			files = (
				4228B00A1B4AD9F700376EF8 /* Security.framework in Frameworks */,
				4228B0081B4AD50C00376EF8 /* Foundation.framework in Frameworks */,
				4228B0061B4AD50400376EF8 /* UIKit.framework in Frameworks */,
				4228B0041B4AD4FC00376EF8 /* CoreGraphics.framework in Frameworks */,
				4228B0021B4AD4F100376EF8 /* libsqlite3.dylib in Frameworks */,
				5F598E751AA6366C0071C70E /* MicrosoftBandKit_iOS.framework in Frameworks */,
				5F598E731AA636600071C70E /* CoreBluetooth.framework in Frameworks */,
				C24870B29637BE86CE2CAD3A /* libPods.a in Frameworks */,
				4228AFFE1B4AD4A600376EF8 /* ProximityKit.framework in Frameworks */,
			);
			runOnlyForDeploymentPostprocessing = 0;
		};
/* End PBXFrameworksBuildPhase section */

/* Begin PBXGroup section */
		42BA43CF1B093EAB00F13EF6 /* Vendor */ = {
			isa = PBXGroup;
			children = (
				4228B00B1B4ADB7600376EF8 /* KeychainItemWrapper.h */,
				4228B00C1B4ADB7600376EF8 /* KeychainItemWrapper.m */,
				42BA43D01B093ECE00F13EF6 /* MBProgressHUD.h */,
				42BA43D11B093ECE00F13EF6 /* MBProgressHUD.m */,
			);
			name = Vendor;
			sourceTree = "<group>";
		};
		514EDD8F30FEA367C69C17B1 /* Frameworks */ = {
			isa = PBXGroup;
			children = (
				4228B0091B4AD9F700376EF8 /* Security.framework */,
				4228B0071B4AD50C00376EF8 /* Foundation.framework */,
				4228B0051B4AD50400376EF8 /* UIKit.framework */,
				4228B0031B4AD4FC00376EF8 /* CoreGraphics.framework */,
				4228B0011B4AD4F100376EF8 /* libsqlite3.dylib */,
				2C3FAD8FED4B2B8AE53C4CC0 /* libPods.a */,
				4228AFFD1B4AD4A600376EF8 /* ProximityKit.framework */,
			);
			name = Frameworks;
			sourceTree = "<group>";
		};
		5F598E401AA635E80071C70E = {
			isa = PBXGroup;
			children = (
				5F598E761AA6368C0071C70E /* Framework */,
				5F598E4B1AA635E80071C70E /* BandSensor */,
				5F598E4A1AA635E80071C70E /* Products */,
				78269A3EE8F6185487BF0EB8 /* Pods */,
				514EDD8F30FEA367C69C17B1 /* Frameworks */,
			);
			sourceTree = "<group>";
		};
		5F598E4A1AA635E80071C70E /* Products */ = {
			isa = PBXGroup;
			children = (
				5F598E491AA635E80071C70E /* BandSensor.app */,
			);
			name = Products;
			sourceTree = "<group>";
		};
		5F598E4B1AA635E80071C70E /* BandSensor */ = {
			isa = PBXGroup;
			children = (
				4228AFFF1B4AD4D000376EF8 /* ProximityKit.plist */,
				42BA43CF1B093EAB00F13EF6 /* Vendor */,
				5F598E501AA635E80071C70E /* AppDelegate.h */,
				5F598E511AA635E80071C70E /* AppDelegate.m */,
				4205EF4A1B00088100DB0D37 /* LoginViewController.h */,
				4205EF4B1B00088100DB0D37 /* LoginViewController.m */,
				4205EF4D1B000AF200DB0D37 /* SkinTemperatureViewController.h */,
				4205EF4E1B000AF200DB0D37 /* SkinTemperatureViewController.m */,
				5F598E561AA635E80071C70E /* Main.storyboard */,
				5F598E591AA635E80071C70E /* Images.xcassets */,
				5F598E5B1AA635E80071C70E /* LaunchScreen.xib */,
				5F598E4C1AA635E80071C70E /* Supporting Files */,
			);
			path = BandSensor;
			sourceTree = "<group>";
		};
		5F598E4C1AA635E80071C70E /* Supporting Files */ = {
			isa = PBXGroup;
			children = (
				5F598E4D1AA635E80071C70E /* Info.plist */,
				5F598E4E1AA635E80071C70E /* main.m */,
			);
			name = "Supporting Files";
			sourceTree = "<group>";
		};
		5F598E761AA6368C0071C70E /* Framework */ = {
			isa = PBXGroup;
			children = (
				5F598E741AA6366C0071C70E /* MicrosoftBandKit_iOS.framework */,
				5F598E721AA636600071C70E /* CoreBluetooth.framework */,
			);
			name = Framework;
			sourceTree = "<group>";
		};
		78269A3EE8F6185487BF0EB8 /* Pods */ = {
			isa = PBXGroup;
			children = (
				1CBF46C6AF3C07ADC1844073 /* Pods.debug.xcconfig */,
				7AF866837476436FE83E0FDA /* Pods.release.xcconfig */,
			);
			name = Pods;
			sourceTree = "<group>";
		};
/* End PBXGroup section */

/* Begin PBXNativeTarget section */
		5F598E481AA635E80071C70E /* BandSensor */ = {
			isa = PBXNativeTarget;
			buildConfigurationList = 5F598E6C1AA635E90071C70E /* Build configuration list for PBXNativeTarget "BandSensor" */;
			buildPhases = (
				1C4AE63D84B9565FE33CB6B8 /* Check Pods Manifest.lock */,
				5F598E451AA635E80071C70E /* Sources */,
				5F598E461AA635E80071C70E /* Frameworks */,
				5F598E471AA635E80071C70E /* Resources */,
				13C1DF352169F05549918A2F /* Copy Pods Resources */,
			);
			buildRules = (
			);
			dependencies = (
			);
			name = BandSensor;
			productName = BandSensor;
			productReference = 5F598E491AA635E80071C70E /* BandSensor.app */;
			productType = "com.apple.product-type.application";
		};
/* End PBXNativeTarget section */

/* Begin PBXProject section */
		5F598E411AA635E80071C70E /* Project object */ = {
			isa = PBXProject;
			attributes = {
				LastUpgradeCheck = 0610;
				ORGANIZATIONNAME = Microsoft;
				TargetAttributes = {
					5F598E481AA635E80071C70E = {
						CreatedOnToolsVersion = 6.1.1;
						DevelopmentTeam = 45EUJ954BC;
						SystemCapabilities = {
							com.apple.BackgroundModes = {
								enabled = 0;
							};
						};
					};
				};
			};
			buildConfigurationList = 5F598E441AA635E80071C70E /* Build configuration list for PBXProject "BandSensor" */;
			compatibilityVersion = "Xcode 3.2";
			developmentRegion = English;
			hasScannedForEncodings = 0;
			knownRegions = (
				en,
				Base,
			);
			mainGroup = 5F598E401AA635E80071C70E;
			productRefGroup = 5F598E4A1AA635E80071C70E /* Products */;
			projectDirPath = "";
			projectRoot = "";
			targets = (
				5F598E481AA635E80071C70E /* BandSensor */,
			);
		};
/* End PBXProject section */

/* Begin PBXResourcesBuildPhase section */
		5F598E471AA635E80071C70E /* Resources */ = {
			isa = PBXResourcesBuildPhase;
			buildActionMask = 2147483647;
			files = (
				5F598E581AA635E80071C70E /* Main.storyboard in Resources */,
				4228B0001B4AD4D000376EF8 /* ProximityKit.plist in Resources */,
				5F598E5D1AA635E80071C70E /* LaunchScreen.xib in Resources */,
				5F598E5A1AA635E80071C70E /* Images.xcassets in Resources */,
			);
			runOnlyForDeploymentPostprocessing = 0;
		};
/* End PBXResourcesBuildPhase section */

/* Begin PBXShellScriptBuildPhase section */
		13C1DF352169F05549918A2F /* Copy Pods Resources */ = {
			isa = PBXShellScriptBuildPhase;
			buildActionMask = 2147483647;
			files = (
			);
			inputPaths = (
			);
			name = "Copy Pods Resources";
			outputPaths = (
			);
			runOnlyForDeploymentPostprocessing = 0;
			shellPath = /bin/sh;
			shellScript = "\"${SRCROOT}/Pods/Target Support Files/Pods/Pods-resources.sh\"\n";
			showEnvVarsInLog = 0;
		};
		1C4AE63D84B9565FE33CB6B8 /* Check Pods Manifest.lock */ = {
			isa = PBXShellScriptBuildPhase;
			buildActionMask = 2147483647;
			files = (
			);
			inputPaths = (
			);
			name = "Check Pods Manifest.lock";
			outputPaths = (
			);
			runOnlyForDeploymentPostprocessing = 0;
			shellPath = /bin/sh;
			shellScript = "diff \"${PODS_ROOT}/../Podfile.lock\" \"${PODS_ROOT}/Manifest.lock\" > /dev/null\nif [[ $? != 0 ]] ; then\n    cat << EOM\nerror: The sandbox is not in sync with the Podfile.lock. Run 'pod install' or update your CocoaPods installation.\nEOM\n    exit 1\nfi\n";
			showEnvVarsInLog = 0;
		};
/* End PBXShellScriptBuildPhase section */

/* Begin PBXSourcesBuildPhase section */
		5F598E451AA635E80071C70E /* Sources */ = {
			isa = PBXSourcesBuildPhase;
			buildActionMask = 2147483647;
			files = (
				4205EF4F1B000AF200DB0D37 /* SkinTemperatureViewController.m in Sources */,
				4205EF4C1B00088100DB0D37 /* LoginViewController.m in Sources */,
				4228B00D1B4ADB7600376EF8 /* KeychainItemWrapper.m in Sources */,
				42BA43D21B093ECE00F13EF6 /* MBProgressHUD.m in Sources */,
				5F598E521AA635E80071C70E /* AppDelegate.m in Sources */,
				5F598E4F1AA635E80071C70E /* main.m in Sources */,
			);
			runOnlyForDeploymentPostprocessing = 0;
		};
/* End PBXSourcesBuildPhase section */

/* Begin PBXVariantGroup section */
		5F598E561AA635E80071C70E /* Main.storyboard */ = {
			isa = PBXVariantGroup;
			children = (
				5F598E571AA635E80071C70E /* Base */,
			);
			name = Main.storyboard;
			sourceTree = "<group>";
		};
		5F598E5B1AA635E80071C70E /* LaunchScreen.xib */ = {
			isa = PBXVariantGroup;
			children = (
				5F598E5C1AA635E80071C70E /* Base */,
			);
			name = LaunchScreen.xib;
			sourceTree = "<group>";
		};
/* End PBXVariantGroup section */

/* Begin XCBuildConfiguration section */
		5F598E6A1AA635E90071C70E /* Debug */ = {
			isa = XCBuildConfiguration;
			buildSettings = {
				ALWAYS_SEARCH_USER_PATHS = NO;
				CLANG_CXX_LANGUAGE_STANDARD = "gnu++0x";
				CLANG_CXX_LIBRARY = "libc++";
				CLANG_ENABLE_MODULES = YES;
				CLANG_ENABLE_OBJC_ARC = YES;
				CLANG_WARN_BOOL_CONVERSION = YES;
				CLANG_WARN_CONSTANT_CONVERSION = YES;
				CLANG_WARN_DIRECT_OBJC_ISA_USAGE = YES_ERROR;
				CLANG_WARN_EMPTY_BODY = YES;
				CLANG_WARN_ENUM_CONVERSION = YES;
				CLANG_WARN_INT_CONVERSION = YES;
				CLANG_WARN_OBJC_ROOT_CLASS = YES_ERROR;
				CLANG_WARN_UNREACHABLE_CODE = YES;
				CLANG_WARN__DUPLICATE_METHOD_MATCH = YES;
				"CODE_SIGN_IDENTITY[sdk=iphoneos*]" = "iPhone Developer";
				COPY_PHASE_STRIP = NO;
				ENABLE_STRICT_OBJC_MSGSEND = YES;
				GCC_C_LANGUAGE_STANDARD = gnu99;
				GCC_DYNAMIC_NO_PIC = NO;
				GCC_OPTIMIZATION_LEVEL = 0;
				GCC_PREPROCESSOR_DEFINITIONS = (
					"DEBUG=1",
					"$(inherited)",
				);
				GCC_SYMBOLS_PRIVATE_EXTERN = NO;
				GCC_WARN_64_TO_32_BIT_CONVERSION = YES;
				GCC_WARN_ABOUT_RETURN_TYPE = YES_ERROR;
				GCC_WARN_UNDECLARED_SELECTOR = YES;
				GCC_WARN_UNINITIALIZED_AUTOS = YES_AGGRESSIVE;
				GCC_WARN_UNUSED_FUNCTION = YES;
				GCC_WARN_UNUSED_VARIABLE = YES;
				IPHONEOS_DEPLOYMENT_TARGET = 8.1;
				MTL_ENABLE_DEBUG_INFO = YES;
				ONLY_ACTIVE_ARCH = YES;
				SDKROOT = iphoneos;
			};
			name = Debug;
		};
		5F598E6B1AA635E90071C70E /* Release */ = {
			isa = XCBuildConfiguration;
			buildSettings = {
				ALWAYS_SEARCH_USER_PATHS = NO;
				CLANG_CXX_LANGUAGE_STANDARD = "gnu++0x";
				CLANG_CXX_LIBRARY = "libc++";
				CLANG_ENABLE_MODULES = YES;
				CLANG_ENABLE_OBJC_ARC = YES;
				CLANG_WARN_BOOL_CONVERSION = YES;
				CLANG_WARN_CONSTANT_CONVERSION = YES;
				CLANG_WARN_DIRECT_OBJC_ISA_USAGE = YES_ERROR;
				CLANG_WARN_EMPTY_BODY = YES;
				CLANG_WARN_ENUM_CONVERSION = YES;
				CLANG_WARN_INT_CONVERSION = YES;
				CLANG_WARN_OBJC_ROOT_CLASS = YES_ERROR;
				CLANG_WARN_UNREACHABLE_CODE = YES;
				CLANG_WARN__DUPLICATE_METHOD_MATCH = YES;
				"CODE_SIGN_IDENTITY[sdk=iphoneos*]" = "iPhone Developer";
				COPY_PHASE_STRIP = YES;
				ENABLE_NS_ASSERTIONS = NO;
				ENABLE_STRICT_OBJC_MSGSEND = YES;
				GCC_C_LANGUAGE_STANDARD = gnu99;
				GCC_WARN_64_TO_32_BIT_CONVERSION = YES;
				GCC_WARN_ABOUT_RETURN_TYPE = YES_ERROR;
				GCC_WARN_UNDECLARED_SELECTOR = YES;
				GCC_WARN_UNINITIALIZED_AUTOS = YES_AGGRESSIVE;
				GCC_WARN_UNUSED_FUNCTION = YES;
				GCC_WARN_UNUSED_VARIABLE = YES;
				IPHONEOS_DEPLOYMENT_TARGET = 8.1;
				MTL_ENABLE_DEBUG_INFO = NO;
				SDKROOT = iphoneos;
				VALIDATE_PRODUCT = YES;
			};
			name = Release;
		};
		5F598E6D1AA635E90071C70E /* Debug */ = {
			isa = XCBuildConfiguration;
			baseConfigurationReference = 1CBF46C6AF3C07ADC1844073 /* Pods.debug.xcconfig */;
			buildSettings = {
				ASSETCATALOG_COMPILER_APPICON_NAME = AppIcon;
				CODE_SIGN_IDENTITY = "iPhone Developer";
				"CODE_SIGN_IDENTITY[sdk=iphoneos*]" = "iPhone Developer";
				FRAMEWORK_SEARCH_PATHS = (
					"${SRCROOT}/../",
					"$(PROJECT_DIR)",
				);
				INFOPLIST_FILE = BandSensor/Info.plist;
				IPHONEOS_DEPLOYMENT_TARGET = 7.1;
				LD_RUNPATH_SEARCH_PATHS = "$(inherited) @executable_path/Frameworks";
				PRODUCT_NAME = "$(TARGET_NAME)";
				PROVISIONING_PROFILE = "";
			};
			name = Debug;
		};
		5F598E6E1AA635E90071C70E /* Release */ = {
			isa = XCBuildConfiguration;
			baseConfigurationReference = 7AF866837476436FE83E0FDA /* Pods.release.xcconfig */;
			buildSettings = {
				ASSETCATALOG_COMPILER_APPICON_NAME = AppIcon;
				CODE_SIGN_IDENTITY = "iPhone Developer";
				"CODE_SIGN_IDENTITY[sdk=iphoneos*]" = "iPhone Developer";
				FRAMEWORK_SEARCH_PATHS = (
					"${SRCROOT}/../",
					"$(PROJECT_DIR)",
				);
				INFOPLIST_FILE = BandSensor/Info.plist;
				IPHONEOS_DEPLOYMENT_TARGET = 7.1;
				LD_RUNPATH_SEARCH_PATHS = "$(inherited) @executable_path/Frameworks";
				PRODUCT_NAME = "$(TARGET_NAME)";
				PROVISIONING_PROFILE = "";
			};
			name = Release;
		};
/* End XCBuildConfiguration section */

/* Begin XCConfigurationList section */
		5F598E441AA635E80071C70E /* Build configuration list for PBXProject "BandSensor" */ = {
			isa = XCConfigurationList;
			buildConfigurations = (
				5F598E6A1AA635E90071C70E /* Debug */,
				5F598E6B1AA635E90071C70E /* Release */,
			);
			defaultConfigurationIsVisible = 0;
			defaultConfigurationName = Release;
		};
		5F598E6C1AA635E90071C70E /* Build configuration list for PBXNativeTarget "BandSensor" */ = {
			isa = XCConfigurationList;
			buildConfigurations = (
				5F598E6D1AA635E90071C70E /* Debug */,
				5F598E6E1AA635E90071C70E /* Release */,
			);
			defaultConfigurationIsVisible = 0;
			defaultConfigurationName = Release;
		};
/* End XCConfigurationList section */
	};
	rootObject = 5F598E411AA635E80071C70E /* Project object */;
}
